
Microsoft Visual Studio Solution File, Format Version 12.00
# Visual Studio 2012
Project("{FAE04EC0-301F-11D3-BF4B-00C04F79EFBC}") = "AH.Business.Models", "AH.Business.Models\AH.Business.Models.csproj", "{C34C14D5-3E5F-410B-8198-7899CF4B523C}"
EndProject
Project("{FAE04EC0-301F-11D3-BF4B-00C04F79EFBC}") = "AH.Core", "AH.Core\AH.Core.csproj", "{1A1FA43C-60F1-4D44-865B-AEAF815A194F}"
EndProject
Project("{FAE04EC0-301F-11D3-BF4B-00C04F79EFBC}") = "AH.Business.UI", "AH.Business.UI\AH.Business.UI.csproj", "{6B32FECB-2385-4DAF-8695-5A3EC7BA0B31}"
EndProject
Project("{2150E333-8FDC-42A3-9474-1A3956D46DE8}") = "Schema", "Schema", "{384633ED-02A6-4427-A84C-3DFEBA0D7247}"
	ProjectSection(SolutionItems) = preProject
		Lib\nhibernate-configuration.xsd = Lib\nhibernate-configuration.xsd
		Lib\nhibernate-mapping.xsd = Lib\nhibernate-mapping.xsd
	EndProjectSection
EndProject
Global
	GlobalSection(SolutionConfigurationPlatforms) = preSolution
		Debug|Any CPU = Debug|Any CPU
		Release|Any CPU = Release|Any CPU
	EndGlobalSection
	GlobalSection(ProjectConfigurationPlatforms) = postSolution
		{C34C14D5-3E5F-410B-8198-7899CF4B523C}.Debug|Any CPU.ActiveCfg = Debug|Any CPU
		{C34C14D5-3E5F-410B-8198-7899CF4B523C}.Debug|Any CPU.Build.0 = Debug|Any CPU
		{C34C14D5-3E5F-410B-8198-7899CF4B523C}.Release|Any CPU.ActiveCfg = Release|Any CPU
		{C34C14D5-3E5F-410B-8198-7899CF4B523C}.Release|Any CPU.Build.0 = Release|Any CPU
		{1A1FA43C-60F1-4D44-865B-AEAF815A194F}.Debug|Any CPU.ActiveCfg = Debug|Any CPU
		{1A1FA43C-60F1-4D44-865B-AEAF815A194F}.Debug|Any CPU.Build.0 = Debug|Any CPU
		{1A1FA43C-60F1-4D44-865B-AEAF815A194F}.Release|Any CPU.ActiveCfg = Release|Any CPU
		{1A1FA43C-60F1-4D44-865B-AEAF815A194F}.Release|Any CPU.Build.0 = Release|Any CPU
		{6B32FECB-2385-4DAF-8695-5A3EC7BA0B31}.Debug|Any CPU.ActiveCfg = Debug|Any CPU
		{6B32FECB-2385-4DAF-8695-5A3EC7BA0B31}.Debug|Any CPU.Build.0 = Debug|Any CPU
		{6B32FECB-2385-4DAF-8695-5A3EC7BA0B31}.Release|Any CPU.ActiveCfg = Release|Any CPU
		{6B32FECB-2385-4DAF-8695-5A3EC7BA0B31}.Release|Any CPU.Build.0 = Release|Any CPU
	EndGlobalSection
	GlobalSection(SolutionProperties) = preSolution
		HideSolutionNode = FALSE
	EndGlobalSection
EndGlobal
